
Microsoft Visual Studio Solution File, Format Version 12.00
# Visual Studio Version 17
VisualStudioVersion = 17.0.31903.59
MinimumVisualStudioVersion = 10.0.40219.1
Project("{FAE04EC0-301F-11D3-BF4B-00C04F79EFBC}") = "CreditDashboard.Api", "CreditDashboard.Api\CreditDashboard.Api.csproj", "{AA574AEE-9B19-4D76-8DD9-B3C5D55B536C}"
EndProject
Project("{FAE04EC0-301F-11D3-BF4B-00C04F79EFBC}") = "CreditDashboard.Api.Tests", "CreditDashboard.Api.Tests\CreditDashboard.Api.Tests.csproj", "{9CAEAB88-6912-45C6-A102-745BF0C7BBB8}"
EndProject
Project("{FAE04EC0-301F-11D3-BF4B-00C04F79EFBC}") = "CreditDashboard.BusinessRules", "CreditDashboard.BusinessRules\CreditDashboard.BusinessRules.csproj", "{B93CEBED-9378-4A81-8F8D-D838C731C84F}"
EndProject
Project("{FAE04EC0-301F-11D3-BF4B-00C04F79EFBC}") = "CreditDashboard.BusinessRules.Tests", "CreditDashboard.BusinessRules.Tests\CreditDashboard.BusinessRules.Tests.csproj", "{801CD773-5CBE-45FA-A863-D89D090E4663}"
EndProject
Global
	GlobalSection(SolutionConfigurationPlatforms) = preSolution
		Debug|Any CPU = Debug|Any CPU
		Debug|x64 = Debug|x64
		Debug|x86 = Debug|x86
		Release|Any CPU = Release|Any CPU
		Release|x64 = Release|x64
		Release|x86 = Release|x86
	EndGlobalSection
	GlobalSection(ProjectConfigurationPlatforms) = postSolution
		{AA574AEE-9B19-4D76-8DD9-B3C5D55B536C}.Debug|Any CPU.ActiveCfg = Debug|Any CPU
		{AA574AEE-9B19-4D76-8DD9-B3C5D55B536C}.Debug|Any CPU.Build.0 = Debug|Any CPU
		{AA574AEE-9B19-4D76-8DD9-B3C5D55B536C}.Debug|x64.ActiveCfg = Debug|Any CPU
		{AA574AEE-9B19-4D76-8DD9-B3C5D55B536C}.Debug|x64.Build.0 = Debug|Any CPU
		{AA574AEE-9B19-4D76-8DD9-B3C5D55B536C}.Debug|x86.ActiveCfg = Debug|Any CPU
		{AA574AEE-9B19-4D76-8DD9-B3C5D55B536C}.Debug|x86.Build.0 = Debug|Any CPU
		{AA574AEE-9B19-4D76-8DD9-B3C5D55B536C}.Release|Any CPU.ActiveCfg = Release|Any CPU
		{AA574AEE-9B19-4D76-8DD9-B3C5D55B536C}.Release|Any CPU.Build.0 = Release|Any CPU
		{AA574AEE-9B19-4D76-8DD9-B3C5D55B536C}.Release|x64.ActiveCfg = Release|Any CPU
		{AA574AEE-9B19-4D76-8DD9-B3C5D55B536C}.Release|x64.Build.0 = Release|Any CPU
		{AA574AEE-9B19-4D76-8DD9-B3C5D55B536C}.Release|x86.ActiveCfg = Release|Any CPU
		{AA574AEE-9B19-4D76-8DD9-B3C5D55B536C}.Release|x86.Build.0 = Release|Any CPU
		{9CAEAB88-6912-45C6-A102-745BF0C7BBB8}.Debug|Any CPU.ActiveCfg = Debug|Any CPU
		{9CAEAB88-6912-45C6-A102-745BF0C7BBB8}.Debug|Any CPU.Build.0 = Debug|Any CPU
		{9CAEAB88-6912-45C6-A102-745BF0C7BBB8}.Debug|x64.ActiveCfg = Debug|Any CPU
		{9CAEAB88-6912-45C6-A102-745BF0C7BBB8}.Debug|x64.Build.0 = Debug|Any CPU
		{9CAEAB88-6912-45C6-A102-745BF0C7BBB8}.Debug|x86.ActiveCfg = Debug|Any CPU
		{9CAEAB88-6912-45C6-A102-745BF0C7BBB8}.Debug|x86.Build.0 = Debug|Any CPU
		{9CAEAB88-6912-45C6-A102-745BF0C7BBB8}.Release|Any CPU.ActiveCfg = Release|Any CPU
		{9CAEAB88-6912-45C6-A102-745BF0C7BBB8}.Release|Any CPU.Build.0 = Release|Any CPU
		{9CAEAB88-6912-45C6-A102-745BF0C7BBB8}.Release|x64.ActiveCfg = Release|Any CPU
		{9CAEAB88-6912-45C6-A102-745BF0C7BBB8}.Release|x64.Build.0 = Release|Any CPU
		{9CAEAB88-6912-45C6-A102-745BF0C7BBB8}.Release|x86.ActiveCfg = Release|Any CPU
		{9CAEAB88-6912-45C6-A102-745BF0C7BBB8}.Release|x86.Build.0 = Release|Any CPU
		{B93CEBED-9378-4A81-8F8D-D838C731C84F}.Debug|Any CPU.ActiveCfg = Debug|Any CPU
		{B93CEBED-9378-4A81-8F8D-D838C731C84F}.Debug|Any CPU.Build.0 = Debug|Any CPU
		{B93CEBED-9378-4A81-8F8D-D838C731C84F}.Debug|x64.ActiveCfg = Debug|Any CPU
		{B93CEBED-9378-4A81-8F8D-D838C731C84F}.Debug|x64.Build.0 = Debug|Any CPU
		{B93CEBED-9378-4A81-8F8D-D838C731C84F}.Debug|x86.ActiveCfg = Debug|Any CPU
		{B93CEBED-9378-4A81-8F8D-D838C731C84F}.Debug|x86.Build.0 = Debug|Any CPU
		{B93CEBED-9378-4A81-8F8D-D838C731C84F}.Release|Any CPU.ActiveCfg = Release|Any CPU
		{B93CEBED-9378-4A81-8F8D-D838C731C84F}.Release|Any CPU.Build.0 = Release|Any CPU
		{B93CEBED-9378-4A81-8F8D-D838C731C84F}.Release|x64.ActiveCfg = Release|Any CPU
		{B93CEBED-9378-4A81-8F8D-D838C731C84F}.Release|x64.Build.0 = Release|Any CPU
		{B93CEBED-9378-4A81-8F8D-D838C731C84F}.Release|x86.ActiveCfg = Release|Any CPU
		{B93CEBED-9378-4A81-8F8D-D838C731C84F}.Release|x86.Build.0 = Release|Any CPU
		{801CD773-5CBE-45FA-A863-D89D090E4663}.Debug|Any CPU.ActiveCfg = Debug|Any CPU
		{801CD773-5CBE-45FA-A863-D89D090E4663}.Debug|Any CPU.Build.0 = Debug|Any CPU
		{801CD773-5CBE-45FA-A863-D89D090E4663}.Debug|x64.ActiveCfg = Debug|Any CPU
		{801CD773-5CBE-45FA-A863-D89D090E4663}.Debug|x64.Build.0 = Debug|Any CPU
		{801CD773-5CBE-45FA-A863-D89D090E4663}.Debug|x86.ActiveCfg = Debug|Any CPU
		{801CD773-5CBE-45FA-A863-D89D090E4663}.Debug|x86.Build.0 = Debug|Any CPU
		{801CD773-5CBE-45FA-A863-D89D090E4663}.Release|Any CPU.ActiveCfg = Release|Any CPU
		{801CD773-5CBE-45FA-A863-D89D090E4663}.Release|Any CPU.Build.0 = Release|Any CPU
		{801CD773-5CBE-45FA-A863-D89D090E4663}.Release|x64.ActiveCfg = Release|Any CPU
		{801CD773-5CBE-45FA-A863-D89D090E4663}.Release|x64.Build.0 = Release|Any CPU
		{801CD773-5CBE-45FA-A863-D89D090E4663}.Release|x86.ActiveCfg = Release|Any CPU
		{801CD773-5CBE-45FA-A863-D89D090E4663}.Release|x86.Build.0 = Release|Any CPU
	EndGlobalSection
	GlobalSection(SolutionProperties) = preSolution
		HideSolutionNode = FALSE
	EndGlobalSection
EndGlobal
